
Microsoft Visual Studio Solution File, Format Version 12.00
# Visual Studio 15
VisualStudioVersion = 15.0.28010.2041
MinimumVisualStudioVersion = 10.0.40219.1
Project("{FAE04EC0-301F-11D3-BF4B-00C04F79EFBC}") = "Lab_5", "Lab_5\Lab_5.csproj", "{71532A51-F123-4F20-9F5B-15CC68411A5A}"
EndProject
Global
	GlobalSection(SolutionConfigurationPlatforms) = preSolution
		Debug|Any CPU = Debug|Any CPU
		Release|Any CPU = Release|Any CPU
	EndGlobalSection
	GlobalSection(ProjectConfigurationPlatforms) = postSolution
		{71532A51-F123-4F20-9F5B-15CC68411A5A}.Debug|Any CPU.ActiveCfg = Debug|Any CPU
		{71532A51-F123-4F20-9F5B-15CC68411A5A}.Debug|Any CPU.Build.0 = Debug|Any CPU
		{71532A51-F123-4F20-9F5B-15CC68411A5A}.Release|Any CPU.ActiveCfg = Release|Any CPU
		{71532A51-F123-4F20-9F5B-15CC68411A5A}.Release|Any CPU.Build.0 = Release|Any CPU
	EndGlobalSection
	GlobalSection(SolutionProperties) = preSolution
		HideSolutionNode = FALSE
	EndGlobalSection
	GlobalSection(ExtensibilityGlobals) = postSolution
		SolutionGuid = {3E5F5547-E699-4241-8518-75CAB4E31CFA}
	EndGlobalSection
EndGlobal
